
Microsoft Visual Studio Solution File, Format Version 12.00
# Visual Studio 15
VisualStudioVersion = 15.0.28307.102
MinimumVisualStudioVersion = 10.0.40219.1
Project("{9A19103F-16F7-4668-BE54-9A1E7A4F7556}") = "SerializingObjectPool", "ObjectPool\SerializingObjectPool\SerializingObjectPool.csproj", "{36FFEC86-387C-4843-BDBF-AA45CA84C6D5}"
EndProject
Project("{2150E333-8FDC-42A3-9474-1A3956D46DE8}") = "Object Pool", "Object Pool", "{B856CB3C-1835-426A-BD7C-AE3DCD7C1DEA}"
EndProject
Project("{9A19103F-16F7-4668-BE54-9A1E7A4F7556}") = "SimpleObjectPool", "ObjectPool\SimpleObjectPool\SimpleObjectPool.csproj", "{6889D68D-B739-4DB6-94D8-FB200D2CCFD6}"
EndProject
Project("{2150E333-8FDC-42A3-9474-1A3956D46DE8}") = "Singleton", "Singleton", "{5A4F10D9-9052-4364-A044-7DDB155D0242}"
EndProject
Project("{9A19103F-16F7-4668-BE54-9A1E7A4F7556}") = "Singleton", "Singleton\Singleton\Singleton.csproj", "{0D48C496-921D-4080-9A5D-273F7D983D36}"
EndProject
Project("{9A19103F-16F7-4668-BE54-9A1E7A4F7556}") = "SingletonInterface", "Singleton\SingletonInterface\SingletonInterface.csproj", "{C8BE3FE1-B3DB-4CF6-9B00-E36F5799C969}"
EndProject
Project("{9A19103F-16F7-4668-BE54-9A1E7A4F7556}") = "SingletonIoc", "Singleton\SingletonIoc\SingletonIoc.csproj", "{185C5BD3-C0A7-4D1B-B030-16A9502B4781}"
EndProject
Project("{9A19103F-16F7-4668-BE54-9A1E7A4F7556}") = "SingletonLazy", "Singleton\SingletonLazy\SingletonLazy.csproj", "{66FBFFEB-5D28-410D-9F50-B213A1A7A93A}"
EndProject
Project("{2150E333-8FDC-42A3-9474-1A3956D46DE8}") = "Factory", "Factory", "{3A8598D6-F354-4B33-84C9-9CEAA91C3177}"
EndProject
Project("{9A19103F-16F7-4668-BE54-9A1E7A4F7556}") = "AbstractFactory", "Factory\AbstractFactory\AbstractFactory.csproj", "{E8AC731A-5BB6-46F3-BFD2-99CB64D9A27D}"
EndProject
Project("{9A19103F-16F7-4668-BE54-9A1E7A4F7556}") = "FactoryMethod", "Factory\FactoryMethod\FactoryMethod.csproj", "{2B03A612-7186-4234-995B-AB83ACD9A253}"
EndProject
Project("{9A19103F-16F7-4668-BE54-9A1E7A4F7556}") = "StaticFactoryMethod", "Factory\StaticFactoryMethod\StaticFactoryMethod.csproj", "{72409B0B-97E2-42A1-A9AC-C2FFDD8FAA46}"
EndProject
Project("{9A19103F-16F7-4668-BE54-9A1E7A4F7556}") = "GenericFactory", "Factory\GenericFactory\GenericFactory.csproj", "{D0FF5F98-B6B3-48C7-8E2C-1B5094F48A23}"
EndProject
Project("{9A19103F-16F7-4668-BE54-9A1E7A4F7556}") = "Borg", "Singleton\Borg\Borg.csproj", "{1278A2BA-A8D1-4F1C-9BC9-CA237DBE3BE1}"
EndProject
Project("{2150E333-8FDC-42A3-9474-1A3956D46DE8}") = "Null Object", "Null Object", "{78831648-8BDB-4078-B9EA-875E4D02BBC5}"
EndProject
Project("{9A19103F-16F7-4668-BE54-9A1E7A4F7556}") = "NullObject", "NullObject\NullObject\NullObject.csproj", "{73037F56-0A04-48AE-AF73-83F6D9A76761}"
EndProject
Project("{2150E333-8FDC-42A3-9474-1A3956D46DE8}") = "Chain of Responsibility", "Chain of Responsibility", "{444D84CF-159C-43DC-B9F1-1CC15FD9FA30}"
EndProject
Project("{9A19103F-16F7-4668-BE54-9A1E7A4F7556}") = "ChainOfResponsibility", "ChainOfResponsibility\ChainOfResponsibility\ChainOfResponsibility.csproj", "{17BE687D-2C41-4B19-9D77-E3AF1A540EE3}"
EndProject
Project("{2150E333-8FDC-42A3-9474-1A3956D46DE8}") = "Adapters etc", "Adapters etc", "{710857CB-B902-40CD-8314-C139A2D33DB5}"
EndProject
Project("{9A19103F-16F7-4668-BE54-9A1E7A4F7556}") = "Proxy", "AdaptersEtc\Proxy\Proxy.csproj", "{462B38E4-7A02-493C-9C6F-B32200B53778}"
EndProject
Project("{9A19103F-16F7-4668-BE54-9A1E7A4F7556}") = "Decorator", "AdaptersEtc\Decorator\Decorator\Decorator.csproj", "{3930637E-720E-4F14-B0AC-A753E204D723}"
EndProject
Project("{9A19103F-16F7-4668-BE54-9A1E7A4F7556}") = "Adapter", "AdaptersEtc\Adapter\Adapter.csproj", "{EE4BF344-9F18-4E9C-BDF3-349DCE3DF0DA}"
EndProject
Project("{FAE04EC0-301F-11D3-BF4B-00C04F79EFBC}") = "Facade", "AdaptersEtc\Facade\Facade\Facade.csproj", "{8EACC7C5-80FA-4EDF-8BA6-AB8BE8A848DC}"
EndProject
Global
	GlobalSection(SolutionConfigurationPlatforms) = preSolution
		Debug|Any CPU = Debug|Any CPU
		Release|Any CPU = Release|Any CPU
	EndGlobalSection
	GlobalSection(ProjectConfigurationPlatforms) = postSolution
		{36FFEC86-387C-4843-BDBF-AA45CA84C6D5}.Debug|Any CPU.ActiveCfg = Debug|Any CPU
		{36FFEC86-387C-4843-BDBF-AA45CA84C6D5}.Debug|Any CPU.Build.0 = Debug|Any CPU
		{36FFEC86-387C-4843-BDBF-AA45CA84C6D5}.Release|Any CPU.ActiveCfg = Release|Any CPU
		{36FFEC86-387C-4843-BDBF-AA45CA84C6D5}.Release|Any CPU.Build.0 = Release|Any CPU
		{6889D68D-B739-4DB6-94D8-FB200D2CCFD6}.Debug|Any CPU.ActiveCfg = Debug|Any CPU
		{6889D68D-B739-4DB6-94D8-FB200D2CCFD6}.Debug|Any CPU.Build.0 = Debug|Any CPU
		{6889D68D-B739-4DB6-94D8-FB200D2CCFD6}.Release|Any CPU.ActiveCfg = Release|Any CPU
		{6889D68D-B739-4DB6-94D8-FB200D2CCFD6}.Release|Any CPU.Build.0 = Release|Any CPU
		{0D48C496-921D-4080-9A5D-273F7D983D36}.Debug|Any CPU.ActiveCfg = Debug|Any CPU
		{0D48C496-921D-4080-9A5D-273F7D983D36}.Debug|Any CPU.Build.0 = Debug|Any CPU
		{0D48C496-921D-4080-9A5D-273F7D983D36}.Release|Any CPU.ActiveCfg = Release|Any CPU
		{0D48C496-921D-4080-9A5D-273F7D983D36}.Release|Any CPU.Build.0 = Release|Any CPU
		{C8BE3FE1-B3DB-4CF6-9B00-E36F5799C969}.Debug|Any CPU.ActiveCfg = Debug|Any CPU
		{C8BE3FE1-B3DB-4CF6-9B00-E36F5799C969}.Debug|Any CPU.Build.0 = Debug|Any CPU
		{C8BE3FE1-B3DB-4CF6-9B00-E36F5799C969}.Release|Any CPU.ActiveCfg = Release|Any CPU
		{C8BE3FE1-B3DB-4CF6-9B00-E36F5799C969}.Release|Any CPU.Build.0 = Release|Any CPU
		{185C5BD3-C0A7-4D1B-B030-16A9502B4781}.Debug|Any CPU.ActiveCfg = Debug|Any CPU
		{185C5BD3-C0A7-4D1B-B030-16A9502B4781}.Debug|Any CPU.Build.0 = Debug|Any CPU
		{185C5BD3-C0A7-4D1B-B030-16A9502B4781}.Release|Any CPU.ActiveCfg = Release|Any CPU
		{185C5BD3-C0A7-4D1B-B030-16A9502B4781}.Release|Any CPU.Build.0 = Release|Any CPU
		{66FBFFEB-5D28-410D-9F50-B213A1A7A93A}.Debug|Any CPU.ActiveCfg = Debug|Any CPU
		{66FBFFEB-5D28-410D-9F50-B213A1A7A93A}.Debug|Any CPU.Build.0 = Debug|Any CPU
		{66FBFFEB-5D28-410D-9F50-B213A1A7A93A}.Release|Any CPU.ActiveCfg = Release|Any CPU
		{66FBFFEB-5D28-410D-9F50-B213A1A7A93A}.Release|Any CPU.Build.0 = Release|Any CPU
		{E8AC731A-5BB6-46F3-BFD2-99CB64D9A27D}.Debug|Any CPU.ActiveCfg = Debug|Any CPU
		{E8AC731A-5BB6-46F3-BFD2-99CB64D9A27D}.Debug|Any CPU.Build.0 = Debug|Any CPU
		{E8AC731A-5BB6-46F3-BFD2-99CB64D9A27D}.Release|Any CPU.ActiveCfg = Release|Any CPU
		{E8AC731A-5BB6-46F3-BFD2-99CB64D9A27D}.Release|Any CPU.Build.0 = Release|Any CPU
		{2B03A612-7186-4234-995B-AB83ACD9A253}.Debug|Any CPU.ActiveCfg = Debug|Any CPU
		{2B03A612-7186-4234-995B-AB83ACD9A253}.Debug|Any CPU.Build.0 = Debug|Any CPU
		{2B03A612-7186-4234-995B-AB83ACD9A253}.Release|Any CPU.ActiveCfg = Release|Any CPU
		{2B03A612-7186-4234-995B-AB83ACD9A253}.Release|Any CPU.Build.0 = Release|Any CPU
		{72409B0B-97E2-42A1-A9AC-C2FFDD8FAA46}.Debug|Any CPU.ActiveCfg = Debug|Any CPU
		{72409B0B-97E2-42A1-A9AC-C2FFDD8FAA46}.Debug|Any CPU.Build.0 = Debug|Any CPU
		{72409B0B-97E2-42A1-A9AC-C2FFDD8FAA46}.Release|Any CPU.ActiveCfg = Release|Any CPU
		{72409B0B-97E2-42A1-A9AC-C2FFDD8FAA46}.Release|Any CPU.Build.0 = Release|Any CPU
		{D0FF5F98-B6B3-48C7-8E2C-1B5094F48A23}.Debug|Any CPU.ActiveCfg = Debug|Any CPU
		{D0FF5F98-B6B3-48C7-8E2C-1B5094F48A23}.Debug|Any CPU.Build.0 = Debug|Any CPU
		{D0FF5F98-B6B3-48C7-8E2C-1B5094F48A23}.Release|Any CPU.ActiveCfg = Release|Any CPU
		{D0FF5F98-B6B3-48C7-8E2C-1B5094F48A23}.Release|Any CPU.Build.0 = Release|Any CPU
		{1278A2BA-A8D1-4F1C-9BC9-CA237DBE3BE1}.Debug|Any CPU.ActiveCfg = Debug|Any CPU
		{1278A2BA-A8D1-4F1C-9BC9-CA237DBE3BE1}.Debug|Any CPU.Build.0 = Debug|Any CPU
		{1278A2BA-A8D1-4F1C-9BC9-CA237DBE3BE1}.Release|Any CPU.ActiveCfg = Release|Any CPU
		{1278A2BA-A8D1-4F1C-9BC9-CA237DBE3BE1}.Release|Any CPU.Build.0 = Release|Any CPU
		{73037F56-0A04-48AE-AF73-83F6D9A76761}.Debug|Any CPU.ActiveCfg = Debug|Any CPU
		{73037F56-0A04-48AE-AF73-83F6D9A76761}.Debug|Any CPU.Build.0 = Debug|Any CPU
		{73037F56-0A04-48AE-AF73-83F6D9A76761}.Release|Any CPU.ActiveCfg = Release|Any CPU
		{73037F56-0A04-48AE-AF73-83F6D9A76761}.Release|Any CPU.Build.0 = Release|Any CPU
		{17BE687D-2C41-4B19-9D77-E3AF1A540EE3}.Debug|Any CPU.ActiveCfg = Debug|Any CPU
		{17BE687D-2C41-4B19-9D77-E3AF1A540EE3}.Debug|Any CPU.Build.0 = Debug|Any CPU
		{17BE687D-2C41-4B19-9D77-E3AF1A540EE3}.Release|Any CPU.ActiveCfg = Release|Any CPU
		{17BE687D-2C41-4B19-9D77-E3AF1A540EE3}.Release|Any CPU.Build.0 = Release|Any CPU
		{462B38E4-7A02-493C-9C6F-B32200B53778}.Debug|Any CPU.ActiveCfg = Debug|Any CPU
		{462B38E4-7A02-493C-9C6F-B32200B53778}.Debug|Any CPU.Build.0 = Debug|Any CPU
		{462B38E4-7A02-493C-9C6F-B32200B53778}.Release|Any CPU.ActiveCfg = Release|Any CPU
		{462B38E4-7A02-493C-9C6F-B32200B53778}.Release|Any CPU.Build.0 = Release|Any CPU
		{3930637E-720E-4F14-B0AC-A753E204D723}.Debug|Any CPU.ActiveCfg = Debug|Any CPU
		{3930637E-720E-4F14-B0AC-A753E204D723}.Debug|Any CPU.Build.0 = Debug|Any CPU
		{3930637E-720E-4F14-B0AC-A753E204D723}.Release|Any CPU.ActiveCfg = Release|Any CPU
		{3930637E-720E-4F14-B0AC-A753E204D723}.Release|Any CPU.Build.0 = Release|Any CPU
		{EE4BF344-9F18-4E9C-BDF3-349DCE3DF0DA}.Debug|Any CPU.ActiveCfg = Debug|Any CPU
		{EE4BF344-9F18-4E9C-BDF3-349DCE3DF0DA}.Debug|Any CPU.Build.0 = Debug|Any CPU
		{EE4BF344-9F18-4E9C-BDF3-349DCE3DF0DA}.Release|Any CPU.ActiveCfg = Release|Any CPU
		{EE4BF344-9F18-4E9C-BDF3-349DCE3DF0DA}.Release|Any CPU.Build.0 = Release|Any CPU
		{8EACC7C5-80FA-4EDF-8BA6-AB8BE8A848DC}.Debug|Any CPU.ActiveCfg = Debug|Any CPU
		{8EACC7C5-80FA-4EDF-8BA6-AB8BE8A848DC}.Debug|Any CPU.Build.0 = Debug|Any CPU
		{8EACC7C5-80FA-4EDF-8BA6-AB8BE8A848DC}.Release|Any CPU.ActiveCfg = Release|Any CPU
		{8EACC7C5-80FA-4EDF-8BA6-AB8BE8A848DC}.Release|Any CPU.Build.0 = Release|Any CPU
	EndGlobalSection
	GlobalSection(SolutionProperties) = preSolution
		HideSolutionNode = FALSE
	EndGlobalSection
	GlobalSection(NestedProjects) = preSolution
		{36FFEC86-387C-4843-BDBF-AA45CA84C6D5} = {B856CB3C-1835-426A-BD7C-AE3DCD7C1DEA}
		{6889D68D-B739-4DB6-94D8-FB200D2CCFD6} = {B856CB3C-1835-426A-BD7C-AE3DCD7C1DEA}
		{0D48C496-921D-4080-9A5D-273F7D983D36} = {5A4F10D9-9052-4364-A044-7DDB155D0242}
		{C8BE3FE1-B3DB-4CF6-9B00-E36F5799C969} = {5A4F10D9-9052-4364-A044-7DDB155D0242}
		{185C5BD3-C0A7-4D1B-B030-16A9502B4781} = {5A4F10D9-9052-4364-A044-7DDB155D0242}
		{66FBFFEB-5D28-410D-9F50-B213A1A7A93A} = {5A4F10D9-9052-4364-A044-7DDB155D0242}
		{E8AC731A-5BB6-46F3-BFD2-99CB64D9A27D} = {3A8598D6-F354-4B33-84C9-9CEAA91C3177}
		{2B03A612-7186-4234-995B-AB83ACD9A253} = {3A8598D6-F354-4B33-84C9-9CEAA91C3177}
		{72409B0B-97E2-42A1-A9AC-C2FFDD8FAA46} = {3A8598D6-F354-4B33-84C9-9CEAA91C3177}
		{D0FF5F98-B6B3-48C7-8E2C-1B5094F48A23} = {3A8598D6-F354-4B33-84C9-9CEAA91C3177}
		{1278A2BA-A8D1-4F1C-9BC9-CA237DBE3BE1} = {5A4F10D9-9052-4364-A044-7DDB155D0242}
		{73037F56-0A04-48AE-AF73-83F6D9A76761} = {78831648-8BDB-4078-B9EA-875E4D02BBC5}
		{17BE687D-2C41-4B19-9D77-E3AF1A540EE3} = {444D84CF-159C-43DC-B9F1-1CC15FD9FA30}
		{462B38E4-7A02-493C-9C6F-B32200B53778} = {710857CB-B902-40CD-8314-C139A2D33DB5}
		{3930637E-720E-4F14-B0AC-A753E204D723} = {710857CB-B902-40CD-8314-C139A2D33DB5}
		{EE4BF344-9F18-4E9C-BDF3-349DCE3DF0DA} = {710857CB-B902-40CD-8314-C139A2D33DB5}
		{8EACC7C5-80FA-4EDF-8BA6-AB8BE8A848DC} = {710857CB-B902-40CD-8314-C139A2D33DB5}
	EndGlobalSection
	GlobalSection(ExtensibilityGlobals) = postSolution
		SolutionGuid = {E6EF64AB-8BC6-41E6-BAD0-FE76DEC6B827}
	EndGlobalSection
EndGlobal
